{
  "requires": true,
  "lockfileVersion": 1,
  "dependencies": {
    "colorette": {
      "version": "file:webpack-vue/https:/registry.nlark.com/colorette/download/colorette-1.3.0.tgz?cache=0&sync_timestamp=1628600300224&other_urls=https%3A%2F%2Fregistry.nlark.com%2Fcolorette%2Fdownload%2Fcolorette-1.3.0.tgz"
    },
    "css-loader": {
      "version": "file:webpack-vue/https:/registry.nlark.com/css-loader/download/css-loader-6.2.0.tgz?cache=0&sync_timestamp=1626725757464&other_urls=https%3A%2F%2Fregistry.nlark.com%2Fcss-loader%2Fdownload%2Fcss-loader-6.2.0.tgz",
      "requires": {
        "icss-utils": "^5.1.0",
        "postcss": "^8.2.15",
        "postcss-modules-extract-imports": "^3.0.0",
        "postcss-modules-local-by-default": "^4.0.0",
        "postcss-modules-scope": "^3.0.0",
        "postcss-modules-values": "^4.0.0",
        "postcss-value-parser": "^4.1.0",
        "semver": "^7.3.5"
      },
      "dependencies": {
        "icss-utils": {
          "version": "5.1.0",
          "resolved": "https://registry.nlark.com/icss-utils/download/icss-utils-5.1.0.tgz"
        },
        "postcss": {
          "version": "8.3.6",
          "resolved": "https://registry.nlark.com/postcss/download/postcss-8.3.6.tgz?cache=0&sync_timestamp=1626882858066&other_urls=https%3A%2F%2Fregistry.nlark.com%2Fpostcss%2Fdownload%2Fpostcss-8.3.6.tgz",
          "requires": {
            "colorette": "^1.2.2",
            "nanoid": "^3.1.23",
            "source-map-js": "^0.6.2"
          },
          "dependencies": {
            "colorette": {
              "version": "1.3.0",
              "resolved": "https://registry.nlark.com/colorette/download/colorette-1.3.0.tgz?cache=0&sync_timestamp=1628600300224&other_urls=https%3A%2F%2Fregistry.nlark.com%2Fcolorette%2Fdownload%2Fcolorette-1.3.0.tgz"
            },
            "nanoid": {
              "version": "3.1.25",
              "resolved": "https://registry.nlark.com/nanoid/download/nanoid-3.1.25.tgz?cache=0&sync_timestamp=1628772520175&other_urls=https%3A%2F%2Fregistry.nlark.com%2Fnanoid%2Fdownload%2Fnanoid-3.1.25.tgz"
            },
            "source-map-js": {
              "version": "0.6.2",
              "resolved": "https://registry.nlark.com/source-map-js/download/source-map-js-0.6.2.tgz"
            }
          }
        },
        "postcss-modules-extract-imports": {
          "version": "3.0.0",
          "resolved": "https://registry.nlark.com/postcss-modules-extract-imports/download/postcss-modules-extract-imports-3.0.0.tgz"
        },
        "postcss-modules-local-by-default": {
          "version": "4.0.0",
          "resolved": "https://registry.nlark.com/postcss-modules-local-by-default/download/postcss-modules-local-by-default-4.0.0.tgz",
          "requires": {
            "icss-utils": "^5.0.0",
            "postcss-selector-parser": "^6.0.2",
            "postcss-value-parser": "^4.1.0"
          },
          "dependencies": {
            "icss-utils": {
              "version": "5.1.0",
              "resolved": "https://registry.nlark.com/icss-utils/download/icss-utils-5.1.0.tgz"
            },
            "postcss-selector-parser": {
              "version": "6.0.6",
              "resolved": "https://registry.nlark.com/postcss-selector-parser/download/postcss-selector-parser-6.0.6.tgz?cache=0&sync_timestamp=1620753051451&other_urls=https%3A%2F%2Fregistry.nlark.com%2Fpostcss-selector-parser%2Fdownload%2Fpostcss-selector-parser-6.0.6.tgz",
              "requires": {
                "cssesc": "^3.0.0",
                "util-deprecate": "^1.0.2"
              },
              "dependencies": {
                "cssesc": {
                  "version": "3.0.0",
                  "resolved": "https://registry.nlark.com/cssesc/download/cssesc-3.0.0.tgz"
                },
                "util-deprecate": {
                  "version": "1.0.2",
                  "resolved": "https://registry.npm.taobao.org/util-deprecate/download/util-deprecate-1.0.2.tgz"
                }
              }
            },
            "postcss-value-parser": {
              "version": "4.1.0",
              "resolved": "https://registry.nlark.com/postcss-value-parser/download/postcss-value-parser-4.1.0.tgz?cache=0&sync_timestamp=1618846550568&other_urls=https%3A%2F%2Fregistry.nlark.com%2Fpostcss-value-parser%2Fdownload%2Fpostcss-value-parser-4.1.0.tgz"
            }
          }
        },
        "postcss-modules-scope": {
          "version": "3.0.0",
          "resolved": "https://registry.nlark.com/postcss-modules-scope/download/postcss-modules-scope-3.0.0.tgz",
          "requires": {
            "postcss-selector-parser": "^6.0.4"
          },
          "dependencies": {
            "postcss-selector-parser": {
              "version": "6.0.6",
              "resolved": "https://registry.nlark.com/postcss-selector-parser/download/postcss-selector-parser-6.0.6.tgz?cache=0&sync_timestamp=1620753051451&other_urls=https%3A%2F%2Fregistry.nlark.com%2Fpostcss-selector-parser%2Fdownload%2Fpostcss-selector-parser-6.0.6.tgz",
              "requires": {
                "cssesc": "^3.0.0",
                "util-deprecate": "^1.0.2"
              },
              "dependencies": {
                "cssesc": {
                  "version": "3.0.0",
                  "resolved": "https://registry.nlark.com/cssesc/download/cssesc-3.0.0.tgz"
                },
                "util-deprecate": {
                  "version": "1.0.2",
                  "resolved": "https://registry.npm.taobao.org/util-deprecate/download/util-deprecate-1.0.2.tgz"
                }
              }
            }
          }
        },
        "postcss-modules-values": {
          "version": "4.0.0",
          "resolved": "https://registry.nlark.com/postcss-modules-values/download/postcss-modules-values-4.0.0.tgz",
          "requires": {
            "icss-utils": "^5.0.0"
          },
          "dependencies": {
            "icss-utils": {
              "version": "5.1.0",
              "resolved": "https://registry.nlark.com/icss-utils/download/icss-utils-5.1.0.tgz"
            }
          }
        },
        "postcss-value-parser": {
          "version": "4.1.0",
          "resolved": "https://registry.nlark.com/postcss-value-parser/download/postcss-value-parser-4.1.0.tgz?cache=0&sync_timestamp=1618846550568&other_urls=https%3A%2F%2Fregistry.nlark.com%2Fpostcss-value-parser%2Fdownload%2Fpostcss-value-parser-4.1.0.tgz"
        },
        "semver": {
          "version": "7.3.5",
          "resolved": "https://registry.nlark.com/semver/download/semver-7.3.5.tgz",
          "requires": {
            "lru-cache": "^6.0.0"
          },
          "dependencies": {
            "lru-cache": {
              "version": "6.0.0",
              "resolved": "https://registry.nlark.com/lru-cache/download/lru-cache-6.0.0.tgz",
              "requires": {
                "yallist": "^4.0.0"
              },
              "dependencies": {
                "yallist": {
                  "version": "4.0.0",
                  "resolved": "https://registry.nlark.com/yallist/download/yallist-4.0.0.tgz?cache=0&sync_timestamp=1622604530774&other_urls=https%3A%2F%2Fregistry.nlark.com%2Fyallist%2Fdownload%2Fyallist-4.0.0.tgz"
                }
              }
            }
          }
        }
      }
    },
    "cssesc": {
      "version": "file:webpack-vue/https:/registry.nlark.com/cssesc/download/cssesc-3.0.0.tgz"
    },
    "icss-utils": {
      "version": "file:webpack-vue/https:/registry.nlark.com/icss-utils/download/icss-utils-5.1.0.tgz"
    },
    "lru-cache": {
      "version": "file:webpack-vue/https:/registry.nlark.com/lru-cache/download/lru-cache-6.0.0.tgz",
      "requires": {
        "yallist": "^4.0.0"
      },
      "dependencies": {
        "yallist": {
          "version": "4.0.0",
          "resolved": "https://registry.nlark.com/yallist/download/yallist-4.0.0.tgz?cache=0&sync_timestamp=1622604530774&other_urls=https%3A%2F%2Fregistry.nlark.com%2Fyallist%2Fdownload%2Fyallist-4.0.0.tgz"
        }
      }
    },
    "nanoid": {
      "version": "file:webpack-vue/https:/registry.nlark.com/nanoid/download/nanoid-3.1.25.tgz?cache=0&sync_timestamp=1628772520175&other_urls=https%3A%2F%2Fregistry.nlark.com%2Fnanoid%2Fdownload%2Fnanoid-3.1.25.tgz"
    },
    "postcss": {
      "version": "file:webpack-vue/https:/registry.nlark.com/postcss/download/postcss-8.3.6.tgz?cache=0&sync_timestamp=1626882858066&other_urls=https%3A%2F%2Fregistry.nlark.com%2Fpostcss%2Fdownload%2Fpostcss-8.3.6.tgz",
      "requires": {
        "colorette": "^1.2.2",
        "nanoid": "^3.1.23",
        "source-map-js": "^0.6.2"
      },
      "dependencies": {
        "colorette": {
          "version": "1.3.0",
          "resolved": "https://registry.nlark.com/colorette/download/colorette-1.3.0.tgz?cache=0&sync_timestamp=1628600300224&other_urls=https%3A%2F%2Fregistry.nlark.com%2Fcolorette%2Fdownload%2Fcolorette-1.3.0.tgz"
        },
        "nanoid": {
          "version": "3.1.25",
          "resolved": "https://registry.nlark.com/nanoid/download/nanoid-3.1.25.tgz?cache=0&sync_timestamp=1628772520175&other_urls=https%3A%2F%2Fregistry.nlark.com%2Fnanoid%2Fdownload%2Fnanoid-3.1.25.tgz"
        },
        "source-map-js": {
          "version": "0.6.2",
          "resolved": "https://registry.nlark.com/source-map-js/download/source-map-js-0.6.2.tgz"
        }
      }
    },
    "postcss-modules-extract-imports": {
      "version": "file:webpack-vue/https:/registry.nlark.com/postcss-modules-extract-imports/download/postcss-modules-extract-imports-3.0.0.tgz"
    },
    "postcss-modules-local-by-default": {
      "version": "file:webpack-vue/https:/registry.nlark.com/postcss-modules-local-by-default/download/postcss-modules-local-by-default-4.0.0.tgz",
      "requires": {
        "icss-utils": "^5.0.0",
        "postcss-selector-parser": "^6.0.2",
        "postcss-value-parser": "^4.1.0"
      },
      "dependencies": {
        "icss-utils": {
          "version": "5.1.0",
          "resolved": "https://registry.nlark.com/icss-utils/download/icss-utils-5.1.0.tgz"
        },
        "postcss-selector-parser": {
          "version": "6.0.6",
          "resolved": "https://registry.nlark.com/postcss-selector-parser/download/postcss-selector-parser-6.0.6.tgz?cache=0&sync_timestamp=1620753051451&other_urls=https%3A%2F%2Fregistry.nlark.com%2Fpostcss-selector-parser%2Fdownload%2Fpostcss-selector-parser-6.0.6.tgz",
          "requires": {
            "cssesc": "^3.0.0",
            "util-deprecate": "^1.0.2"
          },
          "dependencies": {}
        },
        "postcss-value-parser": {
          "version": "4.1.0",
          "resolved": "https://registry.nlark.com/postcss-value-parser/download/postcss-value-parser-4.1.0.tgz?cache=0&sync_timestamp=1618846550568&other_urls=https%3A%2F%2Fregistry.nlark.com%2Fpostcss-value-parser%2Fdownload%2Fpostcss-value-parser-4.1.0.tgz"
        }
      }
    },
    "postcss-modules-scope": {
      "version": "file:webpack-vue/https:/registry.nlark.com/postcss-modules-scope/download/postcss-modules-scope-3.0.0.tgz",
      "requires": {
        "postcss-selector-parser": "^6.0.4"
      },
      "dependencies": {
        "postcss-selector-parser": {
          "version": "6.0.6",
          "resolved": "https://registry.nlark.com/postcss-selector-parser/download/postcss-selector-parser-6.0.6.tgz?cache=0&sync_timestamp=1620753051451&other_urls=https%3A%2F%2Fregistry.nlark.com%2Fpostcss-selector-parser%2Fdownload%2Fpostcss-selector-parser-6.0.6.tgz",
          "requires": {
            "cssesc": "^3.0.0",
            "util-deprecate": "^1.0.2"
          },
          "dependencies": {}
        }
      }
    },
    "postcss-modules-values": {
      "version": "file:webpack-vue/https:/registry.nlark.com/postcss-modules-values/download/postcss-modules-values-4.0.0.tgz",
      "requires": {
        "icss-utils": "^5.0.0"
      },
      "dependencies": {
        "icss-utils": {
          "version": "5.1.0",
          "resolved": "https://registry.nlark.com/icss-utils/download/icss-utils-5.1.0.tgz"
        }
      }
    },
    "postcss-selector-parser": {
      "version": "file:webpack-vue/https:/registry.nlark.com/postcss-selector-parser/download/postcss-selector-parser-6.0.6.tgz?cache=0&sync_timestamp=1620753051451&other_urls=https%3A%2F%2Fregistry.nlark.com%2Fpostcss-selector-parser%2Fdownload%2Fpostcss-selector-parser-6.0.6.tgz",
      "requires": {
        "cssesc": "^3.0.0",
        "util-deprecate": "^1.0.2"
      },
      "dependencies": {
        "cssesc": {
          "version": "3.0.0",
          "resolved": "https://registry.nlark.com/cssesc/download/cssesc-3.0.0.tgz"
        },
        "util-deprecate": {
          "version": "1.0.2",
          "resolved": "https://registry.npm.taobao.org/util-deprecate/download/util-deprecate-1.0.2.tgz"
        }
      }
    },
    "postcss-value-parser": {
      "version": "file:webpack-vue/https:/registry.nlark.com/postcss-value-parser/download/postcss-value-parser-4.1.0.tgz?cache=0&sync_timestamp=1618846550568&other_urls=https%3A%2F%2Fregistry.nlark.com%2Fpostcss-value-parser%2Fdownload%2Fpostcss-value-parser-4.1.0.tgz"
    },
    "semver": {
      "version": "file:webpack-vue/https:/registry.nlark.com/semver/download/semver-7.3.5.tgz",
      "requires": {
        "lru-cache": "^6.0.0"
      },
      "dependencies": {
        "lru-cache": {
          "version": "6.0.0",
          "resolved": "https://registry.nlark.com/lru-cache/download/lru-cache-6.0.0.tgz",
          "requires": {
            "yallist": "^4.0.0"
          },
          "dependencies": {}
        }
      }
    },
    "source-map-js": {
      "version": "file:webpack-vue/https:/registry.nlark.com/source-map-js/download/source-map-js-0.6.2.tgz"
    },
    "style-loader": {
      "version": "file:webpack-vue/https:/registry.nlark.com/style-loader/download/style-loader-3.2.1.tgz"
    },
    "util-deprecate": {
      "version": "file:webpack-vue/https:/registry.npm.taobao.org/util-deprecate/download/util-deprecate-1.0.2.tgz"
    },
    "vue": {
      "version": "2.6.14",
      "resolved": "https://registry.npmjs.org/vue/-/vue-2.6.14.tgz",
      "integrity": "sha512-x2284lgYvjOMj3Za7kqzRcUSxBboHqtgRE2zlos1qWaOye5yUmHn42LB1250NJBLRwEcdrB0JRwyPTEPhfQjiQ=="
    },
    "yallist": {
      "version": "file:webpack-vue/https:/registry.nlark.com/yallist/download/yallist-4.0.0.tgz?cache=0&sync_timestamp=1622604530774&other_urls=https%3A%2F%2Fregistry.nlark.com%2Fyallist%2Fdownload%2Fyallist-4.0.0.tgz"
    }
  }
}
